// !$*UTF8*$!
{
	archiveVersion = 1;
	classes = {
	};
	objectVersion = 56;
	objects = {

/* Begin PBXBuildFile section */
		1D2E9C82292546B900BEDA2F /* NothingFoundCell.xib in Resources */ = {isa = PBXBuildFile; fileRef = 1D2E9C84292546B900BEDA2F /* NothingFoundCell.xib */; };
		1D2E9C8629254B6B00BEDA2F /* LoadingCell.xib in Resources */ = {isa = PBXBuildFile; fileRef = 1D2E9C8829254B6B00BEDA2F /* LoadingCell.xib */; };
		1D89C201292553D000C8BC21 /* SearchResultCell.xib in Resources */ = {isa = PBXBuildFile; fileRef = 1D89C203292553D000C8BC21 /* SearchResultCell.xib */; };
		1D89C2062925582D00C8BC21 /* Localizable.strings in Resources */ = {isa = PBXBuildFile; fileRef = 1D89C2082925582D00C8BC21 /* Localizable.strings */; };
		1D89C20C2925783B00C8BC21 /* InfoPlist.strings in Resources */ = {isa = PBXBuildFile; fileRef = 1D89C20E2925783B00C8BC21 /* InfoPlist.strings */; };
		1DED763F29184426009E3317 /* AppDelegate.swift in Sources */ = {isa = PBXBuildFile; fileRef = 1DED763E29184426009E3317 /* AppDelegate.swift */; };
		1DED764129184426009E3317 /* SceneDelegate.swift in Sources */ = {isa = PBXBuildFile; fileRef = 1DED764029184426009E3317 /* SceneDelegate.swift */; };
		1DED764329184426009E3317 /* SearchViewController.swift in Sources */ = {isa = PBXBuildFile; fileRef = 1DED764229184426009E3317 /* SearchViewController.swift */; };
		1DED764629184426009E3317 /* Main.storyboard in Resources */ = {isa = PBXBuildFile; fileRef = 1DED764429184426009E3317 /* Main.storyboard */; };
		1DED764829184427009E3317 /* Assets.xcassets in Resources */ = {isa = PBXBuildFile; fileRef = 1DED764729184427009E3317 /* Assets.xcassets */; };
		1DED765329199CA4009E3317 /* SearchResult.swift in Sources */ = {isa = PBXBuildFile; fileRef = 1DED765229199CA4009E3317 /* SearchResult.swift */; };
		1DED7657291AB588009E3317 /* SearchResultCell.swift in Sources */ = {isa = PBXBuildFile; fileRef = 1DED7656291AB588009E3317 /* SearchResultCell.swift */; };
		1DED765D291EC461009E3317 /* UIImageView+DownloadImage.swift in Sources */ = {isa = PBXBuildFile; fileRef = 1DED765C291EC461009E3317 /* UIImageView+DownloadImage.swift */; };
		1DED765F291ED632009E3317 /* DetailViewController.swift in Sources */ = {isa = PBXBuildFile; fileRef = 1DED765E291ED632009E3317 /* DetailViewController.swift */; };
		1DED766129215A52009E3317 /* GradientView.swift in Sources */ = {isa = PBXBuildFile; fileRef = 1DED766029215A52009E3317 /* GradientView.swift */; };
		1DED76632921626B009E3317 /* BounceAnimationController.swift in Sources */ = {isa = PBXBuildFile; fileRef = 1DED76622921626B009E3317 /* BounceAnimationController.swift */; };
		1DED7665292169ED009E3317 /* SlideOutAnimationController.swift in Sources */ = {isa = PBXBuildFile; fileRef = 1DED7664292169ED009E3317 /* SlideOutAnimationController.swift */; };
		1DED766729216FC2009E3317 /* LandscapeViewController.swift in Sources */ = {isa = PBXBuildFile; fileRef = 1DED766629216FC2009E3317 /* LandscapeViewController.swift */; };
		1DED76692922ACD8009E3317 /* FadeOutAnimationController.swift in Sources */ = {isa = PBXBuildFile; fileRef = 1DED76682922ACD8009E3317 /* FadeOutAnimationController.swift */; };
		1DED766B2923D5F0009E3317 /* Search.swift in Sources */ = {isa = PBXBuildFile; fileRef = 1DED766A2923D5F0009E3317 /* Search.swift */; };
/* End PBXBuildFile section */

/* Begin PBXFileReference section */
		1D2E9C83292546B900BEDA2F /* en */ = {isa = PBXFileReference; lastKnownFileType = file.xib; name = en; path = en.lproj/NothingFoundCell.xib; sourceTree = "<group>"; };
		1D2E9C852925472A00BEDA2F /* nl */ = {isa = PBXFileReference; lastKnownFileType = file.xib; name = nl; path = nl.lproj/NothingFoundCell.xib; sourceTree = "<group>"; };
		1D2E9C8729254B6B00BEDA2F /* Base */ = {isa = PBXFileReference; lastKnownFileType = file.xib; name = Base; path = Base.lproj/LoadingCell.xib; sourceTree = "<group>"; };
		1D2E9C8A29254BA700BEDA2F /* nl */ = {isa = PBXFileReference; lastKnownFileType = text.plist.strings; name = nl; path = nl.lproj/LoadingCell.strings; sourceTree = "<group>"; };
		1D89C2002925517800C8BC21 /* nl */ = {isa = PBXFileReference; lastKnownFileType = text.plist.strings; name = nl; path = nl.lproj/Main.strings; sourceTree = "<group>"; };
		1D89C202292553D000C8BC21 /* Base */ = {isa = PBXFileReference; lastKnownFileType = file.xib; name = Base; path = Base.lproj/SearchResultCell.xib; sourceTree = "<group>"; };
		1D89C2072925582D00C8BC21 /* en */ = {isa = PBXFileReference; lastKnownFileType = text.plist.strings; name = en; path = en.lproj/Localizable.strings; sourceTree = "<group>"; };
		1D89C20929255A1500C8BC21 /* nl */ = {isa = PBXFileReference; lastKnownFileType = text.plist.strings; name = nl; path = nl.lproj/Localizable.strings; sourceTree = "<group>"; };
		1D89C20D2925783B00C8BC21 /* en */ = {isa = PBXFileReference; lastKnownFileType = text.plist.strings; name = en; path = en.lproj/InfoPlist.strings; sourceTree = "<group>"; };
		1D89C20F2925784100C8BC21 /* nl */ = {isa = PBXFileReference; lastKnownFileType = text.plist.strings; name = nl; path = nl.lproj/InfoPlist.strings; sourceTree = "<group>"; };
		1DED763B29184426009E3317 /* StoreSearch.app */ = {isa = PBXFileReference; explicitFileType = wrapper.application; includeInIndex = 0; path = StoreSearch.app; sourceTree = BUILT_PRODUCTS_DIR; };
		1DED763E29184426009E3317 /* AppDelegate.swift */ = {isa = PBXFileReference; lastKnownFileType = sourcecode.swift; path = AppDelegate.swift; sourceTree = "<group>"; };
		1DED764029184426009E3317 /* SceneDelegate.swift */ = {isa = PBXFileReference; lastKnownFileType = sourcecode.swift; path = SceneDelegate.swift; sourceTree = "<group>"; };
		1DED764229184426009E3317 /* SearchViewController.swift */ = {isa = PBXFileReference; lastKnownFileType = sourcecode.swift; path = SearchViewController.swift; sourceTree = "<group>"; };
		1DED764529184426009E3317 /* Base */ = {isa = PBXFileReference; lastKnownFileType = file.storyboard; name = Base; path = Base.lproj/Main.storyboard; sourceTree = "<group>"; };
		1DED764729184427009E3317 /* Assets.xcassets */ = {isa = PBXFileReference; lastKnownFileType = folder.assetcatalog; path = Assets.xcassets; sourceTree = "<group>"; };
		1DED764C29184427009E3317 /* Info.plist */ = {isa = PBXFileReference; lastKnownFileType = text.plist.xml; path = Info.plist; sourceTree = "<group>"; };
		1DED765229199CA4009E3317 /* SearchResult.swift */ = {isa = PBXFileReference; lastKnownFileType = sourcecode.swift; path = SearchResult.swift; sourceTree = "<group>"; };
		1DED7656291AB588009E3317 /* SearchResultCell.swift */ = {isa = PBXFileReference; lastKnownFileType = sourcecode.swift; path = SearchResultCell.swift; sourceTree = "<group>"; };
		1DED765C291EC461009E3317 /* UIImageView+DownloadImage.swift */ = {isa = PBXFileReference; lastKnownFileType = sourcecode.swift; path = "UIImageView+DownloadImage.swift"; sourceTree = "<group>"; };
		1DED765E291ED632009E3317 /* DetailViewController.swift */ = {isa = PBXFileReference; lastKnownFileType = sourcecode.swift; path = DetailViewController.swift; sourceTree = "<group>"; };
		1DED766029215A52009E3317 /* GradientView.swift */ = {isa = PBXFileReference; lastKnownFileType = sourcecode.swift; path = GradientView.swift; sourceTree = "<group>"; };
		1DED76622921626B009E3317 /* BounceAnimationController.swift */ = {isa = PBXFileReference; lastKnownFileType = sourcecode.swift; path = BounceAnimationController.swift; sourceTree = "<group>"; };
		1DED7664292169ED009E3317 /* SlideOutAnimationController.swift */ = {isa = PBXFileReference; lastKnownFileType = sourcecode.swift; path = SlideOutAnimationController.swift; sourceTree = "<group>"; };
		1DED766629216FC2009E3317 /* LandscapeViewController.swift */ = {isa = PBXFileReference; lastKnownFileType = sourcecode.swift; path = LandscapeViewController.swift; sourceTree = "<group>"; };
		1DED76682922ACD8009E3317 /* FadeOutAnimationController.swift */ = {isa = PBXFileReference; lastKnownFileType = sourcecode.swift; path = FadeOutAnimationController.swift; sourceTree = "<group>"; };
		1DED766A2923D5F0009E3317 /* Search.swift */ = {isa = PBXFileReference; lastKnownFileType = sourcecode.swift; path = Search.swift; sourceTree = "<group>"; };
/* End PBXFileReference section */

/* Begin PBXFrameworksBuildPhase section */
		1DED763829184426009E3317 /* Frameworks */ = {
			isa = PBXFrameworksBuildPhase;
			buildActionMask = 2147483647;
			files = (
			);
			runOnlyForDeploymentPostprocessing = 0;
		};
/* End PBXFrameworksBuildPhase section */

/* Begin PBXGroup section */
		1DED763229184426009E3317 = {
			isa = PBXGroup;
			children = (
				1DED763D29184426009E3317 /* StoreSearch */,
				1DED763C29184426009E3317 /* Products */,
			);
			sourceTree = "<group>";
		};
		1DED763C29184426009E3317 /* Products */ = {
			isa = PBXGroup;
			children = (
				1DED763B29184426009E3317 /* StoreSearch.app */,
			);
			name = Products;
			sourceTree = "<group>";
		};
		1DED763D29184426009E3317 /* StoreSearch */ = {
			isa = PBXGroup;
			children = (
				1DED763E29184426009E3317 /* AppDelegate.swift */,
				1DED764029184426009E3317 /* SceneDelegate.swift */,
				1DED764229184426009E3317 /* SearchViewController.swift */,
				1DED765229199CA4009E3317 /* SearchResult.swift */,
				1DED7656291AB588009E3317 /* SearchResultCell.swift */,
				1DED765C291EC461009E3317 /* UIImageView+DownloadImage.swift */,
				1DED765E291ED632009E3317 /* DetailViewController.swift */,
				1DED766029215A52009E3317 /* GradientView.swift */,
				1DED76622921626B009E3317 /* BounceAnimationController.swift */,
				1DED7664292169ED009E3317 /* SlideOutAnimationController.swift */,
				1DED766629216FC2009E3317 /* LandscapeViewController.swift */,
				1DED76682922ACD8009E3317 /* FadeOutAnimationController.swift */,
				1DED766A2923D5F0009E3317 /* Search.swift */,
				1D2E9C8829254B6B00BEDA2F /* LoadingCell.xib */,
				1D89C203292553D000C8BC21 /* SearchResultCell.xib */,
				1D2E9C84292546B900BEDA2F /* NothingFoundCell.xib */,
				1DED764429184426009E3317 /* Main.storyboard */,
				1DED764729184427009E3317 /* Assets.xcassets */,
				1DED764C29184427009E3317 /* Info.plist */,
				1D89C2082925582D00C8BC21 /* Localizable.strings */,
				1D89C20E2925783B00C8BC21 /* InfoPlist.strings */,
			);
			path = StoreSearch;
			sourceTree = "<group>";
		};
/* End PBXGroup section */

/* Begin PBXNativeTarget section */
		1DED763A29184426009E3317 /* StoreSearch */ = {
			isa = PBXNativeTarget;
			buildConfigurationList = 1DED764F29184427009E3317 /* Build configuration list for PBXNativeTarget "StoreSearch" */;
			buildPhases = (
				1DED763729184426009E3317 /* Sources */,
				1DED763829184426009E3317 /* Frameworks */,
				1DED763929184426009E3317 /* Resources */,
			);
			buildRules = (
			);
			dependencies = (
			);
			name = StoreSearch;
			productName = StoreSearch;
			productReference = 1DED763B29184426009E3317 /* StoreSearch.app */;
			productType = "com.apple.product-type.application";
		};
/* End PBXNativeTarget section */

/* Begin PBXProject section */
		1DED763329184426009E3317 /* Project object */ = {
			isa = PBXProject;
			attributes = {
				BuildIndependentTargetsInParallel = 1;
				LastSwiftUpdateCheck = 1400;
				LastUpgradeCheck = 1400;
				TargetAttributes = {
					1DED763A29184426009E3317 = {
						CreatedOnToolsVersion = 14.0.1;
					};
				};
			};
			buildConfigurationList = 1DED763629184426009E3317 /* Build configuration list for PBXProject "StoreSearch" */;
			compatibilityVersion = "Xcode 14.0";
			developmentRegion = en;
			hasScannedForEncodings = 0;
			knownRegions = (
				en,
				Base,
				nl,
			);
			mainGroup = 1DED763229184426009E3317;
			productRefGroup = 1DED763C29184426009E3317 /* Products */;
			projectDirPath = "";
			projectRoot = "";
			targets = (
				1DED763A29184426009E3317 /* StoreSearch */,
			);
		};
/* End PBXProject section */

/* Begin PBXResourcesBuildPhase section */
		1DED763929184426009E3317 /* Resources */ = {
			isa = PBXResourcesBuildPhase;
			buildActionMask = 2147483647;
			files = (
				1DED764829184427009E3317 /* Assets.xcassets in Resources */,
				1D89C20C2925783B00C8BC21 /* InfoPlist.strings in Resources */,
				1D89C2062925582D00C8BC21 /* Localizable.strings in Resources */,
				1D2E9C8629254B6B00BEDA2F /* LoadingCell.xib in Resources */,
				1D89C201292553D000C8BC21 /* SearchResultCell.xib in Resources */,
				1D2E9C82292546B900BEDA2F /* NothingFoundCell.xib in Resources */,
				1DED764629184426009E3317 /* Main.storyboard in Resources */,
			);
			runOnlyForDeploymentPostprocessing = 0;
		};
/* End PBXResourcesBuildPhase section */

/* Begin PBXSourcesBuildPhase section */
		1DED763729184426009E3317 /* Sources */ = {
			isa = PBXSourcesBuildPhase;
			buildActionMask = 2147483647;
			files = (
				1DED766B2923D5F0009E3317 /* Search.swift in Sources */,
				1DED764329184426009E3317 /* SearchViewController.swift in Sources */,
				1DED763F29184426009E3317 /* AppDelegate.swift in Sources */,
				1DED76692922ACD8009E3317 /* FadeOutAnimationController.swift in Sources */,
				1DED765D291EC461009E3317 /* UIImageView+DownloadImage.swift in Sources */,
				1DED765329199CA4009E3317 /* SearchResult.swift in Sources */,
				1DED76632921626B009E3317 /* BounceAnimationController.swift in Sources */,
				1DED766729216FC2009E3317 /* LandscapeViewController.swift in Sources */,
				1DED764129184426009E3317 /* SceneDelegate.swift in Sources */,
				1DED7657291AB588009E3317 /* SearchResultCell.swift in Sources */,
				1DED766129215A52009E3317 /* GradientView.swift in Sources */,
				1DED765F291ED632009E3317 /* DetailViewController.swift in Sources */,
				1DED7665292169ED009E3317 /* SlideOutAnimationController.swift in Sources */,
			);
			runOnlyForDeploymentPostprocessing = 0;
		};
/* End PBXSourcesBuildPhase section */

/* Begin PBXVariantGroup section */
		1D2E9C84292546B900BEDA2F /* NothingFoundCell.xib */ = {
			isa = PBXVariantGroup;
			children = (
				1D2E9C83292546B900BEDA2F /* en */,
				1D2E9C852925472A00BEDA2F /* nl */,
			);
			name = NothingFoundCell.xib;
			sourceTree = "<group>";
		};
		1D2E9C8829254B6B00BEDA2F /* LoadingCell.xib */ = {
			isa = PBXVariantGroup;
			children = (
				1D2E9C8729254B6B00BEDA2F /* Base */,
				1D2E9C8A29254BA700BEDA2F /* nl */,
			);
			name = LoadingCell.xib;
			sourceTree = "<group>";
		};
		1D89C203292553D000C8BC21 /* SearchResultCell.xib */ = {
			isa = PBXVariantGroup;
			children = (
				1D89C202292553D000C8BC21 /* Base */,
			);
			name = SearchResultCell.xib;
			sourceTree = "<group>";
		};
		1D89C2082925582D00C8BC21 /* Localizable.strings */ = {
			isa = PBXVariantGroup;
			children = (
				1D89C2072925582D00C8BC21 /* en */,
				1D89C20929255A1500C8BC21 /* nl */,
			);
			name = Localizable.strings;
			sourceTree = "<group>";
		};
		1D89C20E2925783B00C8BC21 /* InfoPlist.strings */ = {
			isa = PBXVariantGroup;
			children = (
				1D89C20D2925783B00C8BC21 /* en */,
				1D89C20F2925784100C8BC21 /* nl */,
			);
			name = InfoPlist.strings;
			sourceTree = "<group>";
		};
		1DED764429184426009E3317 /* Main.storyboard */ = {
			isa = PBXVariantGroup;
			children = (
				1DED764529184426009E3317 /* Base */,
				1D89C2002925517800C8BC21 /* nl */,
			);
			name = Main.storyboard;
			sourceTree = "<group>";
		};
/* End PBXVariantGroup section */

/* Begin XCBuildConfiguration section */
		1DED764D29184427009E3317 /* Debug */ = {
			isa = XCBuildConfiguration;
			buildSettings = {
				ALWAYS_SEARCH_USER_PATHS = NO;
				CLANG_ANALYZER_LOCALIZABILITY_NONLOCALIZED = YES;
				CLANG_ANALYZER_NONNULL = YES;
				CLANG_ANALYZER_NUMBER_OBJECT_CONVERSION = YES_AGGRESSIVE;
				CLANG_CXX_LANGUAGE_STANDARD = "gnu++20";
				CLANG_ENABLE_MODULES = YES;
				CLANG_ENABLE_OBJC_ARC = YES;
				CLANG_ENABLE_OBJC_WEAK = YES;
				CLANG_WARN_BLOCK_CAPTURE_AUTORELEASING = YES;
				CLANG_WARN_BOOL_CONVERSION = YES;
				CLANG_WARN_COMMA = YES;
				CLANG_WARN_CONSTANT_CONVERSION = YES;
				CLANG_WARN_DEPRECATED_OBJC_IMPLEMENTATIONS = YES;
				CLANG_WARN_DIRECT_OBJC_ISA_USAGE = YES_ERROR;
				CLANG_WARN_DOCUMENTATION_COMMENTS = YES;
				CLANG_WARN_EMPTY_BODY = YES;
				CLANG_WARN_ENUM_CONVERSION = YES;
				CLANG_WARN_INFINITE_RECURSION = YES;
				CLANG_WARN_INT_CONVERSION = YES;
				CLANG_WARN_NON_LITERAL_NULL_CONVERSION = YES;
				CLANG_WARN_OBJC_IMPLICIT_RETAIN_SELF = YES;
				CLANG_WARN_OBJC_LITERAL_CONVERSION = YES;
				CLANG_WARN_OBJC_ROOT_CLASS = YES_ERROR;
				CLANG_WARN_QUOTED_INCLUDE_IN_FRAMEWORK_HEADER = YES;
				CLANG_WARN_RANGE_LOOP_ANALYSIS = YES;
				CLANG_WARN_STRICT_PROTOTYPES = YES;
				CLANG_WARN_SUSPICIOUS_MOVE = YES;
				CLANG_WARN_UNGUARDED_AVAILABILITY = YES_AGGRESSIVE;
				CLANG_WARN_UNREACHABLE_CODE = YES;
				CLANG_WARN__DUPLICATE_METHOD_MATCH = YES;
				COPY_PHASE_STRIP = NO;
				DEBUG_INFORMATION_FORMAT = dwarf;
				ENABLE_STRICT_OBJC_MSGSEND = YES;
				ENABLE_TESTABILITY = YES;
				GCC_C_LANGUAGE_STANDARD = gnu11;
				GCC_DYNAMIC_NO_PIC = NO;
				GCC_NO_COMMON_BLOCKS = YES;
				GCC_OPTIMIZATION_LEVEL = 0;
				GCC_PREPROCESSOR_DEFINITIONS = (
					"DEBUG=1",
					"$(inherited)",
				);
				GCC_WARN_64_TO_32_BIT_CONVERSION = YES;
				GCC_WARN_ABOUT_RETURN_TYPE = YES_ERROR;
				GCC_WARN_UNDECLARED_SELECTOR = YES;
				GCC_WARN_UNINITIALIZED_AUTOS = YES_AGGRESSIVE;
				GCC_WARN_UNUSED_FUNCTION = YES;
				GCC_WARN_UNUSED_VARIABLE = YES;
				IPHONEOS_DEPLOYMENT_TARGET = 16.0;
				MTL_ENABLE_DEBUG_INFO = INCLUDE_SOURCE;
				MTL_FAST_MATH = YES;
				ONLY_ACTIVE_ARCH = YES;
				SDKROOT = iphoneos;
				SWIFT_ACTIVE_COMPILATION_CONDITIONS = DEBUG;
				SWIFT_OPTIMIZATION_LEVEL = "-Onone";
			};
			name = Debug;
		};
		1DED764E29184427009E3317 /* Release */ = {
			isa = XCBuildConfiguration;
			buildSettings = {
				ALWAYS_SEARCH_USER_PATHS = NO;
				CLANG_ANALYZER_LOCALIZABILITY_NONLOCALIZED = YES;
				CLANG_ANALYZER_NONNULL = YES;
				CLANG_ANALYZER_NUMBER_OBJECT_CONVERSION = YES_AGGRESSIVE;
				CLANG_CXX_LANGUAGE_STANDARD = "gnu++20";
				CLANG_ENABLE_MODULES = YES;
				CLANG_ENABLE_OBJC_ARC = YES;
				CLANG_ENABLE_OBJC_WEAK = YES;
				CLANG_WARN_BLOCK_CAPTURE_AUTORELEASING = YES;
				CLANG_WARN_BOOL_CONVERSION = YES;
				CLANG_WARN_COMMA = YES;
				CLANG_WARN_CONSTANT_CONVERSION = YES;
				CLANG_WARN_DEPRECATED_OBJC_IMPLEMENTATIONS = YES;
				CLANG_WARN_DIRECT_OBJC_ISA_USAGE = YES_ERROR;
				CLANG_WARN_DOCUMENTATION_COMMENTS = YES;
				CLANG_WARN_EMPTY_BODY = YES;
				CLANG_WARN_ENUM_CONVERSION = YES;
				CLANG_WARN_INFINITE_RECURSION = YES;
				CLANG_WARN_INT_CONVERSION = YES;
				CLANG_WARN_NON_LITERAL_NULL_CONVERSION = YES;
				CLANG_WARN_OBJC_IMPLICIT_RETAIN_SELF = YES;
				CLANG_WARN_OBJC_LITERAL_CONVERSION = YES;
				CLANG_WARN_OBJC_ROOT_CLASS = YES_ERROR;
				CLANG_WARN_QUOTED_INCLUDE_IN_FRAMEWORK_HEADER = YES;
				CLANG_WARN_RANGE_LOOP_ANALYSIS = YES;
				CLANG_WARN_STRICT_PROTOTYPES = YES;
				CLANG_WARN_SUSPICIOUS_MOVE = YES;
				CLANG_WARN_UNGUARDED_AVAILABILITY = YES_AGGRESSIVE;
				CLANG_WARN_UNREACHABLE_CODE = YES;
				CLANG_WARN__DUPLICATE_METHOD_MATCH = YES;
				COPY_PHASE_STRIP = NO;
				DEBUG_INFORMATION_FORMAT = "dwarf-with-dsym";
				ENABLE_NS_ASSERTIONS = NO;
				ENABLE_STRICT_OBJC_MSGSEND = YES;
				GCC_C_LANGUAGE_STANDARD = gnu11;
				GCC_NO_COMMON_BLOCKS = YES;
				GCC_WARN_64_TO_32_BIT_CONVERSION = YES;
				GCC_WARN_ABOUT_RETURN_TYPE = YES_ERROR;
				GCC_WARN_UNDECLARED_SELECTOR = YES;
				GCC_WARN_UNINITIALIZED_AUTOS = YES_AGGRESSIVE;
				GCC_WARN_UNUSED_FUNCTION = YES;
				GCC_WARN_UNUSED_VARIABLE = YES;
				IPHONEOS_DEPLOYMENT_TARGET = 16.0;
				MTL_ENABLE_DEBUG_INFO = NO;
				MTL_FAST_MATH = YES;
				SDKROOT = iphoneos;
				SWIFT_COMPILATION_MODE = wholemodule;
				SWIFT_OPTIMIZATION_LEVEL = "-O";
				VALIDATE_PRODUCT = YES;
			};
			name = Release;
		};
		1DED765029184427009E3317 /* Debug */ = {
			isa = XCBuildConfiguration;
			buildSettings = {
				ASSETCATALOG_COMPILER_APPICON_NAME = AppIcon;
				ASSETCATALOG_COMPILER_GLOBAL_ACCENT_COLOR_NAME = AccentColor;
				CODE_SIGN_STYLE = Automatic;
				CURRENT_PROJECT_VERSION = 1;
				DEVELOPMENT_TEAM = CHL34W9FC3;
				GENERATE_INFOPLIST_FILE = YES;
				INFOPLIST_FILE = StoreSearch/Info.plist;
				INFOPLIST_KEY_UIApplicationSupportsIndirectInputEvents = YES;
				INFOPLIST_KEY_UILaunchStoryboardName = Main.storyboard;
				INFOPLIST_KEY_UIMainStoryboardFile = Main;
				INFOPLIST_KEY_UISupportedInterfaceOrientations_iPad = "UIInterfaceOrientationPortrait UIInterfaceOrientationPortraitUpsideDown UIInterfaceOrientationLandscapeLeft UIInterfaceOrientationLandscapeRight";
				INFOPLIST_KEY_UISupportedInterfaceOrientations_iPhone = "UIInterfaceOrientationPortrait UIInterfaceOrientationLandscapeLeft UIInterfaceOrientationLandscapeRight";
				IPHONEOS_DEPLOYMENT_TARGET = 14.0;
				LD_RUNPATH_SEARCH_PATHS = (
					"$(inherited)",
					"@executable_path/Frameworks",
				);
				MARKETING_VERSION = 1.0;
				PRODUCT_BUNDLE_IDENTIFIER = hello.StoreSearch;
				PRODUCT_NAME = "$(TARGET_NAME)";
				SWIFT_EMIT_LOC_STRINGS = YES;
				SWIFT_VERSION = 5.0;
				TARGETED_DEVICE_FAMILY = "1,2";
			};
			name = Debug;
		};
		1DED765129184427009E3317 /* Release */ = {
			isa = XCBuildConfiguration;
			buildSettings = {
				ASSETCATALOG_COMPILER_APPICON_NAME = AppIcon;
				ASSETCATALOG_COMPILER_GLOBAL_ACCENT_COLOR_NAME = AccentColor;
				CODE_SIGN_STYLE = Automatic;
				CURRENT_PROJECT_VERSION = 1;
				DEVELOPMENT_TEAM = CHL34W9FC3;
				GENERATE_INFOPLIST_FILE = YES;
				INFOPLIST_FILE = StoreSearch/Info.plist;
				INFOPLIST_KEY_UIApplicationSupportsIndirectInputEvents = YES;
				INFOPLIST_KEY_UILaunchStoryboardName = Main.storyboard;
				INFOPLIST_KEY_UIMainStoryboardFile = Main;
				INFOPLIST_KEY_UISupportedInterfaceOrientations_iPad = "UIInterfaceOrientationPortrait UIInterfaceOrientationPortraitUpsideDown UIInterfaceOrientationLandscapeLeft UIInterfaceOrientationLandscapeRight";
				INFOPLIST_KEY_UISupportedInterfaceOrientations_iPhone = "UIInterfaceOrientationPortrait UIInterfaceOrientationLandscapeLeft UIInterfaceOrientationLandscapeRight";
				IPHONEOS_DEPLOYMENT_TARGET = 14.0;
				LD_RUNPATH_SEARCH_PATHS = (
					"$(inherited)",
					"@executable_path/Frameworks",
				);
				MARKETING_VERSION = 1.0;
				PRODUCT_BUNDLE_IDENTIFIER = hello.StoreSearch;
				PRODUCT_NAME = "$(TARGET_NAME)";
				SWIFT_EMIT_LOC_STRINGS = YES;
				SWIFT_VERSION = 5.0;
				TARGETED_DEVICE_FAMILY = "1,2";
			};
			name = Release;
		};
/* End XCBuildConfiguration section */

/* Begin XCConfigurationList section */
		1DED763629184426009E3317 /* Build configuration list for PBXProject "StoreSearch" */ = {
			isa = XCConfigurationList;
			buildConfigurations = (
				1DED764D29184427009E3317 /* Debug */,
				1DED764E29184427009E3317 /* Release */,
			);
			defaultConfigurationIsVisible = 0;
			defaultConfigurationName = Release;
		};
		1DED764F29184427009E3317 /* Build configuration list for PBXNativeTarget "StoreSearch" */ = {
			isa = XCConfigurationList;
			buildConfigurations = (
				1DED765029184427009E3317 /* Debug */,
				1DED765129184427009E3317 /* Release */,
			);
			defaultConfigurationIsVisible = 0;
			defaultConfigurationName = Release;
		};
/* End XCConfigurationList section */
	};
	rootObject = 1DED763329184426009E3317 /* Project object */;
}
